
Microsoft Visual Studio Solution File, Format Version 12.00
# Visual Studio Version 17
VisualStudioVersion = 17.9.34728.123
MinimumVisualStudioVersion = 10.0.40219.1
Project("{9A19103F-16F7-4668-BE54-9A1E7A4F7556}") = "SampleApp", "SampleApp.csproj", "{529579C0-A687-4A8D-B287-294C0F94DDB5}"
EndProject
Global
	GlobalSection(SolutionConfigurationPlatforms) = preSolution
		Debug|Any CPU = Debug|Any CPU
		Release|Any CPU = Release|Any CPU
	EndGlobalSection
	GlobalSection(ProjectConfigurationPlatforms) = postSolution
		{529579C0-A687-4A8D-B287-294C0F94DDB5}.Debug|Any CPU.ActiveCfg = Debug|Any CPU
		{529579C0-A687-4A8D-B287-294C0F94DDB5}.Debug|Any CPU.Build.0 = Debug|Any CPU
		{529579C0-A687-4A8D-B287-294C0F94DDB5}.Release|Any CPU.ActiveCfg = Release|Any CPU
		{529579C0-A687-4A8D-B287-294C0F94DDB5}.Release|Any CPU.Build.0 = Release|Any CPU
	EndGlobalSection
	GlobalSection(SolutionProperties) = preSolution
		HideSolutionNode = FALSE
	EndGlobalSection
	GlobalSection(ExtensibilityGlobals) = postSolution
		SolutionGuid = {AB3A4047-AA8D-4B6C-A957-D049D4CDDF2D}
	EndGlobalSection
EndGlobal
